// !$*UTF8*$!
{
	archiveVersion = 1;
	classes = {
	};
	objectVersion = 46;
	objects = {

/* Begin PBXBuildFile section */
		7D9323CEC4E3BA2057F24B4B /* Pods_Air_Pitch.framework in Frameworks */ = {isa = PBXBuildFile; fileRef = 9E3A45688C51D6EAA19670D4 /* Pods_Air_Pitch.framework */; };
		879591176CEF783BEF946695 /* Pods_Air_PitchUITests.framework in Frameworks */ = {isa = PBXBuildFile; fileRef = 50894B945356EFC9A186B80C /* Pods_Air_PitchUITests.framework */; };
		A7877281E1F058D1024E82CE /* Pods_Air_PitchTests.framework in Frameworks */ = {isa = PBXBuildFile; fileRef = 3F58AA925B1BFB26E9BC73BA /* Pods_Air_PitchTests.framework */; };
		AB16922E1E567F910060F15A /* Audio Files in Resources */ = {isa = PBXBuildFile; fileRef = AB16922D1E567F910060F15A /* Audio Files */; };
		AB1692311E5792890060F15A /* AVFoundation.framework in Frameworks */ = {isa = PBXBuildFile; fileRef = AB1692301E5792890060F15A /* AVFoundation.framework */; };
		AB43E83B1E461A050071BC4E /* AppDelegate.swift in Sources */ = {isa = PBXBuildFile; fileRef = AB43E83A1E461A050071BC4E /* AppDelegate.swift */; };
		AB43E8401E461A050071BC4E /* Main.storyboard in Resources */ = {isa = PBXBuildFile; fileRef = AB43E83E1E461A050071BC4E /* Main.storyboard */; };
		AB43E8421E461A050071BC4E /* Assets.xcassets in Resources */ = {isa = PBXBuildFile; fileRef = AB43E8411E461A050071BC4E /* Assets.xcassets */; };
		AB43E8451E461A050071BC4E /* LaunchScreen.storyboard in Resources */ = {isa = PBXBuildFile; fileRef = AB43E8431E461A050071BC4E /* LaunchScreen.storyboard */; };
		AB43E8501E461A050071BC4E /* Air_PitchTests.swift in Sources */ = {isa = PBXBuildFile; fileRef = AB43E84F1E461A050071BC4E /* Air_PitchTests.swift */; };
		AB43E85B1E461A050071BC4E /* Air_PitchUITests.swift in Sources */ = {isa = PBXBuildFile; fileRef = AB43E85A1E461A050071BC4E /* Air_PitchUITests.swift */; };
		AB43E8831E461F080071BC4E /* PitchViewController.swift in Sources */ = {isa = PBXBuildFile; fileRef = AB43E83C1E461A050071BC4E /* PitchViewController.swift */; };
		AB5B52AC1E5DF9EE00237A04 /* SpiralButtonsView.swift in Sources */ = {isa = PBXBuildFile; fileRef = AB5B52AB1E5DF9EE00237A04 /* SpiralButtonsView.swift */; };
		AB7643691E4A9E1F003E22E8 /* PlayerButton.swift in Sources */ = {isa = PBXBuildFile; fileRef = AB7643681E4A9E1F003E22E8 /* PlayerButton.swift */; };
		ABF6D1FE1E67709200295495 /* AirAmericana.ttf in Resources */ = {isa = PBXBuildFile; fileRef = ABF6D1FD1E67709200295495 /* AirAmericana.ttf */; };
/* End PBXBuildFile section */

/* Begin PBXContainerItemProxy section */
		AB43E84C1E461A050071BC4E /* PBXContainerItemProxy */ = {
			isa = PBXContainerItemProxy;
			containerPortal = AB43E82F1E461A050071BC4E /* Project object */;
			proxyType = 1;
			remoteGlobalIDString = AB43E8361E461A050071BC4E;
			remoteInfo = "Air Pitch";
		};
		AB43E8571E461A050071BC4E /* PBXContainerItemProxy */ = {
			isa = PBXContainerItemProxy;
			containerPortal = AB43E82F1E461A050071BC4E /* Project object */;
			proxyType = 1;
			remoteGlobalIDString = AB43E8361E461A050071BC4E;
			remoteInfo = "Air Pitch";
		};
/* End PBXContainerItemProxy section */

/* Begin PBXFileReference section */
		3F58AA925B1BFB26E9BC73BA /* Pods_Air_PitchTests.framework */ = {isa = PBXFileReference; explicitFileType = wrapper.framework; includeInIndex = 0; path = Pods_Air_PitchTests.framework; sourceTree = BUILT_PRODUCTS_DIR; };
		495807769BF47D14015786D6 /* Pods-Air Pitch.release.xcconfig */ = {isa = PBXFileReference; includeInIndex = 1; lastKnownFileType = text.xcconfig; name = "Pods-Air Pitch.release.xcconfig"; path = "Pods/Target Support Files/Pods-Air Pitch/Pods-Air Pitch.release.xcconfig"; sourceTree = "<group>"; };
		50894B945356EFC9A186B80C /* Pods_Air_PitchUITests.framework */ = {isa = PBXFileReference; explicitFileType = wrapper.framework; includeInIndex = 0; path = Pods_Air_PitchUITests.framework; sourceTree = BUILT_PRODUCTS_DIR; };
		64A6AE7398492FA1F3A4EDB8 /* Pods-Air PitchUITests.debug.xcconfig */ = {isa = PBXFileReference; includeInIndex = 1; lastKnownFileType = text.xcconfig; name = "Pods-Air PitchUITests.debug.xcconfig"; path = "Pods/Target Support Files/Pods-Air PitchUITests/Pods-Air PitchUITests.debug.xcconfig"; sourceTree = "<group>"; };
		7524B3708C4FC0FEA883F01E /* Pods-Air Pitch.debug.xcconfig */ = {isa = PBXFileReference; includeInIndex = 1; lastKnownFileType = text.xcconfig; name = "Pods-Air Pitch.debug.xcconfig"; path = "Pods/Target Support Files/Pods-Air Pitch/Pods-Air Pitch.debug.xcconfig"; sourceTree = "<group>"; };
		7D5DE9DD2B065EF38DFDD289 /* Pods-Air PitchTests.release.xcconfig */ = {isa = PBXFileReference; includeInIndex = 1; lastKnownFileType = text.xcconfig; name = "Pods-Air PitchTests.release.xcconfig"; path = "Pods/Target Support Files/Pods-Air PitchTests/Pods-Air PitchTests.release.xcconfig"; sourceTree = "<group>"; };
		9E3A45688C51D6EAA19670D4 /* Pods_Air_Pitch.framework */ = {isa = PBXFileReference; explicitFileType = wrapper.framework; includeInIndex = 0; path = Pods_Air_Pitch.framework; sourceTree = BUILT_PRODUCTS_DIR; };
		AB16922D1E567F910060F15A /* Audio Files */ = {isa = PBXFileReference; lastKnownFileType = folder; path = "Audio Files"; sourceTree = "<group>"; };
		AB1692301E5792890060F15A /* AVFoundation.framework */ = {isa = PBXFileReference; lastKnownFileType = wrapper.framework; name = AVFoundation.framework; path = System/Library/Frameworks/AVFoundation.framework; sourceTree = SDKROOT; };
		AB2FFDAEC62041C9F464F219 /* Pods-Air PitchUITests.release.xcconfig */ = {isa = PBXFileReference; includeInIndex = 1; lastKnownFileType = text.xcconfig; name = "Pods-Air PitchUITests.release.xcconfig"; path = "Pods/Target Support Files/Pods-Air PitchUITests/Pods-Air PitchUITests.release.xcconfig"; sourceTree = "<group>"; };
		AB43E8371E461A050071BC4E /* Air Pitch.app */ = {isa = PBXFileReference; explicitFileType = wrapper.application; includeInIndex = 0; path = "Air Pitch.app"; sourceTree = BUILT_PRODUCTS_DIR; };
		AB43E83A1E461A050071BC4E /* AppDelegate.swift */ = {isa = PBXFileReference; lastKnownFileType = sourcecode.swift; path = AppDelegate.swift; sourceTree = "<group>"; };
		AB43E83C1E461A050071BC4E /* PitchViewController.swift */ = {isa = PBXFileReference; lastKnownFileType = sourcecode.swift; path = PitchViewController.swift; sourceTree = "<group>"; };
		AB43E83F1E461A050071BC4E /* Base */ = {isa = PBXFileReference; lastKnownFileType = file.storyboard; name = Base; path = Base.lproj/Main.storyboard; sourceTree = "<group>"; };
		AB43E8411E461A050071BC4E /* Assets.xcassets */ = {isa = PBXFileReference; lastKnownFileType = folder.assetcatalog; path = Assets.xcassets; sourceTree = "<group>"; };
		AB43E8441E461A050071BC4E /* Base */ = {isa = PBXFileReference; lastKnownFileType = file.storyboard; name = Base; path = Base.lproj/LaunchScreen.storyboard; sourceTree = "<group>"; };
		AB43E8461E461A050071BC4E /* Info.plist */ = {isa = PBXFileReference; lastKnownFileType = text.plist.xml; path = Info.plist; sourceTree = "<group>"; };
		AB43E84B1E461A050071BC4E /* Air PitchTests.xctest */ = {isa = PBXFileReference; explicitFileType = wrapper.cfbundle; includeInIndex = 0; path = "Air PitchTests.xctest"; sourceTree = BUILT_PRODUCTS_DIR; };
		AB43E84F1E461A050071BC4E /* Air_PitchTests.swift */ = {isa = PBXFileReference; lastKnownFileType = sourcecode.swift; path = Air_PitchTests.swift; sourceTree = "<group>"; };
		AB43E8511E461A050071BC4E /* Info.plist */ = {isa = PBXFileReference; lastKnownFileType = text.plist.xml; path = Info.plist; sourceTree = "<group>"; };
		AB43E8561E461A050071BC4E /* Air PitchUITests.xctest */ = {isa = PBXFileReference; explicitFileType = wrapper.cfbundle; includeInIndex = 0; path = "Air PitchUITests.xctest"; sourceTree = BUILT_PRODUCTS_DIR; };
		AB43E85A1E461A050071BC4E /* Air_PitchUITests.swift */ = {isa = PBXFileReference; lastKnownFileType = sourcecode.swift; path = Air_PitchUITests.swift; sourceTree = "<group>"; };
		AB43E85C1E461A050071BC4E /* Info.plist */ = {isa = PBXFileReference; lastKnownFileType = text.plist.xml; path = Info.plist; sourceTree = "<group>"; };
		AB5B52AB1E5DF9EE00237A04 /* SpiralButtonsView.swift */ = {isa = PBXFileReference; fileEncoding = 4; lastKnownFileType = sourcecode.swift; path = SpiralButtonsView.swift; sourceTree = "<group>"; };
		AB7643681E4A9E1F003E22E8 /* PlayerButton.swift */ = {isa = PBXFileReference; fileEncoding = 4; lastKnownFileType = sourcecode.swift; path = PlayerButton.swift; sourceTree = "<group>"; };
		ABF6D1FD1E67709200295495 /* AirAmericana.ttf */ = {isa = PBXFileReference; lastKnownFileType = file; path = AirAmericana.ttf; sourceTree = "<group>"; };
		F736A1778DED2BCFDAE5B877 /* Pods-Air PitchTests.debug.xcconfig */ = {isa = PBXFileReference; includeInIndex = 1; lastKnownFileType = text.xcconfig; name = "Pods-Air PitchTests.debug.xcconfig"; path = "Pods/Target Support Files/Pods-Air PitchTests/Pods-Air PitchTests.debug.xcconfig"; sourceTree = "<group>"; };
/* End PBXFileReference section */

/* Begin PBXFrameworksBuildPhase section */
		AB43E8341E461A050071BC4E /* Frameworks */ = {
			isa = PBXFrameworksBuildPhase;
			buildActionMask = 2147483647;
			files = (
				AB1692311E5792890060F15A /* AVFoundation.framework in Frameworks */,
				7D9323CEC4E3BA2057F24B4B /* Pods_Air_Pitch.framework in Frameworks */,
			);
			runOnlyForDeploymentPostprocessing = 0;
		};
		AB43E8481E461A050071BC4E /* Frameworks */ = {
			isa = PBXFrameworksBuildPhase;
			buildActionMask = 2147483647;
			files = (
				A7877281E1F058D1024E82CE /* Pods_Air_PitchTests.framework in Frameworks */,
			);
			runOnlyForDeploymentPostprocessing = 0;
		};
		AB43E8531E461A050071BC4E /* Frameworks */ = {
			isa = PBXFrameworksBuildPhase;
			buildActionMask = 2147483647;
			files = (
				879591176CEF783BEF946695 /* Pods_Air_PitchUITests.framework in Frameworks */,
			);
			runOnlyForDeploymentPostprocessing = 0;
		};
/* End PBXFrameworksBuildPhase section */

/* Begin PBXGroup section */
		5DB49769F5C3F89C76263CE5 /* Pods */ = {
			isa = PBXGroup;
			children = (
				7524B3708C4FC0FEA883F01E /* Pods-Air Pitch.debug.xcconfig */,
				495807769BF47D14015786D6 /* Pods-Air Pitch.release.xcconfig */,
				F736A1778DED2BCFDAE5B877 /* Pods-Air PitchTests.debug.xcconfig */,
				7D5DE9DD2B065EF38DFDD289 /* Pods-Air PitchTests.release.xcconfig */,
				64A6AE7398492FA1F3A4EDB8 /* Pods-Air PitchUITests.debug.xcconfig */,
				AB2FFDAEC62041C9F464F219 /* Pods-Air PitchUITests.release.xcconfig */,
			);
			name = Pods;
			sourceTree = "<group>";
		};
		AB16922F1E5792890060F15A /* Frameworks */ = {
			isa = PBXGroup;
			children = (
				AB1692301E5792890060F15A /* AVFoundation.framework */,
				9E3A45688C51D6EAA19670D4 /* Pods_Air_Pitch.framework */,
				3F58AA925B1BFB26E9BC73BA /* Pods_Air_PitchTests.framework */,
				50894B945356EFC9A186B80C /* Pods_Air_PitchUITests.framework */,
			);
			name = Frameworks;
			sourceTree = "<group>";
		};
		AB43E82E1E461A050071BC4E = {
			isa = PBXGroup;
			children = (
				AB43E8391E461A050071BC4E /* Air Pitch */,
				AB43E84E1E461A050071BC4E /* Air PitchTests */,
				AB43E8591E461A050071BC4E /* Air PitchUITests */,
				AB43E8381E461A050071BC4E /* Products */,
				AB16922F1E5792890060F15A /* Frameworks */,
				5DB49769F5C3F89C76263CE5 /* Pods */,
			);
			sourceTree = "<group>";
		};
		AB43E8381E461A050071BC4E /* Products */ = {
			isa = PBXGroup;
			children = (
				AB43E8371E461A050071BC4E /* Air Pitch.app */,
				AB43E84B1E461A050071BC4E /* Air PitchTests.xctest */,
				AB43E8561E461A050071BC4E /* Air PitchUITests.xctest */,
			);
			name = Products;
			sourceTree = "<group>";
		};
		AB43E8391E461A050071BC4E /* Air Pitch */ = {
			isa = PBXGroup;
			children = (
				AB43E83A1E461A050071BC4E /* AppDelegate.swift */,
				AB5B52B21E6090AA00237A04 /* View Controllers */,
				AB43E83E1E461A050071BC4E /* Main.storyboard */,
				AB43E8411E461A050071BC4E /* Assets.xcassets */,
				AB43E8431E461A050071BC4E /* LaunchScreen.storyboard */,
				AB5B52AD1E5E457C00237A04 /* Views */,
				AB43E8461E461A050071BC4E /* Info.plist */,
				ABF6D1FD1E67709200295495 /* AirAmericana.ttf */,
				AB16922D1E567F910060F15A /* Audio Files */,
			);
			path = "Air Pitch";
			sourceTree = "<group>";
		};
		AB43E84E1E461A050071BC4E /* Air PitchTests */ = {
			isa = PBXGroup;
			children = (
				AB43E84F1E461A050071BC4E /* Air_PitchTests.swift */,
				AB43E8511E461A050071BC4E /* Info.plist */,
			);
			path = "Air PitchTests";
			sourceTree = "<group>";
		};
		AB43E8591E461A050071BC4E /* Air PitchUITests */ = {
			isa = PBXGroup;
			children = (
				AB43E85A1E461A050071BC4E /* Air_PitchUITests.swift */,
				AB43E85C1E461A050071BC4E /* Info.plist */,
			);
			path = "Air PitchUITests";
			sourceTree = "<group>";
		};
		AB5B52AD1E5E457C00237A04 /* Views */ = {
			isa = PBXGroup;
			children = (
				AB7643681E4A9E1F003E22E8 /* PlayerButton.swift */,
				AB5B52AB1E5DF9EE00237A04 /* SpiralButtonsView.swift */,
			);
			name = Views;
			sourceTree = "<group>";
		};
		AB5B52B21E6090AA00237A04 /* View Controllers */ = {
			isa = PBXGroup;
			children = (
				AB43E83C1E461A050071BC4E /* PitchViewController.swift */,
			);
			name = "View Controllers";
			sourceTree = "<group>";
		};
/* End PBXGroup section */

/* Begin PBXNativeTarget section */
		AB43E8361E461A050071BC4E /* Air Pitch */ = {
			isa = PBXNativeTarget;
			buildConfigurationList = AB43E85F1E461A050071BC4E /* Build configuration list for PBXNativeTarget "Air Pitch" */;
			buildPhases = (
				A068F0469AA5850979B59608 /* [CP] Check Pods Manifest.lock */,
				AB43E8331E461A050071BC4E /* Sources */,
				AB43E8341E461A050071BC4E /* Frameworks */,
				AB43E8351E461A050071BC4E /* Resources */,
				BD7CAEEB93AC5BB61CFDC85F /* [CP] Embed Pods Frameworks */,
				0927EDAE59040273FE698990 /* [CP] Copy Pods Resources */,
			);
			buildRules = (
			);
			dependencies = (
			);
			name = "Air Pitch";
			productName = "Air Pitch";
			productReference = AB43E8371E461A050071BC4E /* Air Pitch.app */;
			productType = "com.apple.product-type.application";
		};
		AB43E84A1E461A050071BC4E /* Air PitchTests */ = {
			isa = PBXNativeTarget;
			buildConfigurationList = AB43E8621E461A050071BC4E /* Build configuration list for PBXNativeTarget "Air PitchTests" */;
			buildPhases = (
				C88E4A82FA643032C8DDB679 /* [CP] Check Pods Manifest.lock */,
				AB43E8471E461A050071BC4E /* Sources */,
				AB43E8481E461A050071BC4E /* Frameworks */,
				AB43E8491E461A050071BC4E /* Resources */,
				C78612BB719FA4CCA4C90B9A /* [CP] Embed Pods Frameworks */,
				8D0668ADA61D7E2E73EEF47E /* [CP] Copy Pods Resources */,
			);
			buildRules = (
			);
			dependencies = (
				AB43E84D1E461A050071BC4E /* PBXTargetDependency */,
			);
			name = "Air PitchTests";
			productName = "Air PitchTests";
			productReference = AB43E84B1E461A050071BC4E /* Air PitchTests.xctest */;
			productType = "com.apple.product-type.bundle.unit-test";
		};
		AB43E8551E461A050071BC4E /* Air PitchUITests */ = {
			isa = PBXNativeTarget;
			buildConfigurationList = AB43E8651E461A050071BC4E /* Build configuration list for PBXNativeTarget "Air PitchUITests" */;
			buildPhases = (
				8933FEE8476D13EBF99E5FB7 /* [CP] Check Pods Manifest.lock */,
				AB43E8521E461A050071BC4E /* Sources */,
				AB43E8531E461A050071BC4E /* Frameworks */,
				AB43E8541E461A050071BC4E /* Resources */,
				4EE69A8D6F4C8BD2C6306F7D /* [CP] Embed Pods Frameworks */,
				B63531360E16E602D52691F7 /* [CP] Copy Pods Resources */,
			);
			buildRules = (
			);
			dependencies = (
				AB43E8581E461A050071BC4E /* PBXTargetDependency */,
			);
			name = "Air PitchUITests";
			productName = "Air PitchUITests";
			productReference = AB43E8561E461A050071BC4E /* Air PitchUITests.xctest */;
			productType = "com.apple.product-type.bundle.ui-testing";
		};
/* End PBXNativeTarget section */

/* Begin PBXProject section */
		AB43E82F1E461A050071BC4E /* Project object */ = {
			isa = PBXProject;
			attributes = {
				LastSwiftUpdateCheck = 0820;
				LastUpgradeCheck = 0820;
				ORGANIZATIONNAME = "Dane Thomas";
				TargetAttributes = {
					AB43E8361E461A050071BC4E = {
						CreatedOnToolsVersion = 8.2.1;
						DevelopmentTeam = 92672ZCS2U;
						ProvisioningStyle = Automatic;
					};
					AB43E84A1E461A050071BC4E = {
						CreatedOnToolsVersion = 8.2.1;
						ProvisioningStyle = Manual;
						TestTargetID = AB43E8361E461A050071BC4E;
					};
					AB43E8551E461A050071BC4E = {
						CreatedOnToolsVersion = 8.2.1;
						ProvisioningStyle = Manual;
						TestTargetID = AB43E8361E461A050071BC4E;
					};
				};
			};
			buildConfigurationList = AB43E8321E461A050071BC4E /* Build configuration list for PBXProject "Air Pitch" */;
			compatibilityVersion = "Xcode 3.2";
			developmentRegion = English;
			hasScannedForEncodings = 0;
			knownRegions = (
				en,
				Base,
			);
			mainGroup = AB43E82E1E461A050071BC4E;
			productRefGroup = AB43E8381E461A050071BC4E /* Products */;
			projectDirPath = "";
			projectRoot = "";
			targets = (
				AB43E8361E461A050071BC4E /* Air Pitch */,
				AB43E84A1E461A050071BC4E /* Air PitchTests */,
				AB43E8551E461A050071BC4E /* Air PitchUITests */,
			);
		};
/* End PBXProject section */

/* Begin PBXResourcesBuildPhase section */
		AB43E8351E461A050071BC4E /* Resources */ = {
			isa = PBXResourcesBuildPhase;
			buildActionMask = 2147483647;
			files = (
				AB16922E1E567F910060F15A /* Audio Files in Resources */,
				AB43E8451E461A050071BC4E /* LaunchScreen.storyboard in Resources */,
				AB43E8421E461A050071BC4E /* Assets.xcassets in Resources */,
				AB43E8401E461A050071BC4E /* Main.storyboard in Resources */,
				ABF6D1FE1E67709200295495 /* AirAmericana.ttf in Resources */,
			);
			runOnlyForDeploymentPostprocessing = 0;
		};
		AB43E8491E461A050071BC4E /* Resources */ = {
			isa = PBXResourcesBuildPhase;
			buildActionMask = 2147483647;
			files = (
			);
			runOnlyForDeploymentPostprocessing = 0;
		};
		AB43E8541E461A050071BC4E /* Resources */ = {
			isa = PBXResourcesBuildPhase;
			buildActionMask = 2147483647;
			files = (
			);
			runOnlyForDeploymentPostprocessing = 0;
		};
/* End PBXResourcesBuildPhase section */

/* Begin PBXShellScriptBuildPhase section */
		0927EDAE59040273FE698990 /* [CP] Copy Pods Resources */ = {
			isa = PBXShellScriptBuildPhase;
			buildActionMask = 2147483647;
			files = (
			);
			inputPaths = (
			);
			name = "[CP] Copy Pods Resources";
			outputPaths = (
			);
			runOnlyForDeploymentPostprocessing = 0;
			shellPath = /bin/sh;
			shellScript = "\"${SRCROOT}/Pods/Target Support Files/Pods-Air Pitch/Pods-Air Pitch-resources.sh\"\n";
			showEnvVarsInLog = 0;
		};
		4EE69A8D6F4C8BD2C6306F7D /* [CP] Embed Pods Frameworks */ = {
			isa = PBXShellScriptBuildPhase;
			buildActionMask = 2147483647;
			files = (
			);
			inputPaths = (
			);
			name = "[CP] Embed Pods Frameworks";
			outputPaths = (
			);
			runOnlyForDeploymentPostprocessing = 0;
			shellPath = /bin/sh;
			shellScript = "\"${SRCROOT}/Pods/Target Support Files/Pods-Air PitchUITests/Pods-Air PitchUITests-frameworks.sh\"\n";
			showEnvVarsInLog = 0;
		};
		8933FEE8476D13EBF99E5FB7 /* [CP] Check Pods Manifest.lock */ = {
			isa = PBXShellScriptBuildPhase;
			buildActionMask = 2147483647;
			files = (
			);
			inputPaths = (
			);
			name = "[CP] Check Pods Manifest.lock";
			outputPaths = (
			);
			runOnlyForDeploymentPostprocessing = 0;
			shellPath = /bin/sh;
			shellScript = "diff \"${PODS_ROOT}/../Podfile.lock\" \"${PODS_ROOT}/Manifest.lock\" > /dev/null\nif [ $? != 0 ] ; then\n    # print error to STDERR\n    echo \"error: The sandbox is not in sync with the Podfile.lock. Run 'pod install' or update your CocoaPods installation.\" >&2\n    exit 1\nfi\n";
			showEnvVarsInLog = 0;
		};
		8D0668ADA61D7E2E73EEF47E /* [CP] Copy Pods Resources */ = {
			isa = PBXShellScriptBuildPhase;
			buildActionMask = 2147483647;
			files = (
			);
			inputPaths = (
			);
			name = "[CP] Copy Pods Resources";
			outputPaths = (
			);
			runOnlyForDeploymentPostprocessing = 0;
			shellPath = /bin/sh;
			shellScript = "\"${SRCROOT}/Pods/Target Support Files/Pods-Air PitchTests/Pods-Air PitchTests-resources.sh\"\n";
			showEnvVarsInLog = 0;
		};
		A068F0469AA5850979B59608 /* [CP] Check Pods Manifest.lock */ = {
			isa = PBXShellScriptBuildPhase;
			buildActionMask = 2147483647;
			files = (
			);
			inputPaths = (
			);
			name = "[CP] Check Pods Manifest.lock";
			outputPaths = (
			);
			runOnlyForDeploymentPostprocessing = 0;
			shellPath = /bin/sh;
			shellScript = "diff \"${PODS_ROOT}/../Podfile.lock\" \"${PODS_ROOT}/Manifest.lock\" > /dev/null\nif [ $? != 0 ] ; then\n    # print error to STDERR\n    echo \"error: The sandbox is not in sync with the Podfile.lock. Run 'pod install' or update your CocoaPods installation.\" >&2\n    exit 1\nfi\n";
			showEnvVarsInLog = 0;
		};
		B63531360E16E602D52691F7 /* [CP] Copy Pods Resources */ = {
			isa = PBXShellScriptBuildPhase;
			buildActionMask = 2147483647;
			files = (
			);
			inputPaths = (
			);
			name = "[CP] Copy Pods Resources";
			outputPaths = (
			);
			runOnlyForDeploymentPostprocessing = 0;
			shellPath = /bin/sh;
			shellScript = "\"${SRCROOT}/Pods/Target Support Files/Pods-Air PitchUITests/Pods-Air PitchUITests-resources.sh\"\n";
			showEnvVarsInLog = 0;
		};
		BD7CAEEB93AC5BB61CFDC85F /* [CP] Embed Pods Frameworks */ = {
			isa = PBXShellScriptBuildPhase;
			buildActionMask = 2147483647;
			files = (
			);
			inputPaths = (
			);
			name = "[CP] Embed Pods Frameworks";
			outputPaths = (
			);
			runOnlyForDeploymentPostprocessing = 0;
			shellPath = /bin/sh;
			shellScript = "\"${SRCROOT}/Pods/Target Support Files/Pods-Air Pitch/Pods-Air Pitch-frameworks.sh\"\n";
			showEnvVarsInLog = 0;
		};
		C78612BB719FA4CCA4C90B9A /* [CP] Embed Pods Frameworks */ = {
			isa = PBXShellScriptBuildPhase;
			buildActionMask = 2147483647;
			files = (
			);
			inputPaths = (
			);
			name = "[CP] Embed Pods Frameworks";
			outputPaths = (
			);
			runOnlyForDeploymentPostprocessing = 0;
			shellPath = /bin/sh;
			shellScript = "\"${SRCROOT}/Pods/Target Support Files/Pods-Air PitchTests/Pods-Air PitchTests-frameworks.sh\"\n";
			showEnvVarsInLog = 0;
		};
		C88E4A82FA643032C8DDB679 /* [CP] Check Pods Manifest.lock */ = {
			isa = PBXShellScriptBuildPhase;
			buildActionMask = 2147483647;
			files = (
			);
			inputPaths = (
			);
			name = "[CP] Check Pods Manifest.lock";
			outputPaths = (
			);
			runOnlyForDeploymentPostprocessing = 0;
			shellPath = /bin/sh;
			shellScript = "diff \"${PODS_ROOT}/../Podfile.lock\" \"${PODS_ROOT}/Manifest.lock\" > /dev/null\nif [ $? != 0 ] ; then\n    # print error to STDERR\n    echo \"error: The sandbox is not in sync with the Podfile.lock. Run 'pod install' or update your CocoaPods installation.\" >&2\n    exit 1\nfi\n";
			showEnvVarsInLog = 0;
		};
/* End PBXShellScriptBuildPhase section */

/* Begin PBXSourcesBuildPhase section */
		AB43E8331E461A050071BC4E /* Sources */ = {
			isa = PBXSourcesBuildPhase;
			buildActionMask = 2147483647;
			files = (
				AB7643691E4A9E1F003E22E8 /* PlayerButton.swift in Sources */,
				AB5B52AC1E5DF9EE00237A04 /* SpiralButtonsView.swift in Sources */,
				AB43E83B1E461A050071BC4E /* AppDelegate.swift in Sources */,
				AB43E8831E461F080071BC4E /* PitchViewController.swift in Sources */,
			);
			runOnlyForDeploymentPostprocessing = 0;
		};
		AB43E8471E461A050071BC4E /* Sources */ = {
			isa = PBXSourcesBuildPhase;
			buildActionMask = 2147483647;
			files = (
				AB43E8501E461A050071BC4E /* Air_PitchTests.swift in Sources */,
			);
			runOnlyForDeploymentPostprocessing = 0;
		};
		AB43E8521E461A050071BC4E /* Sources */ = {
			isa = PBXSourcesBuildPhase;
			buildActionMask = 2147483647;
			files = (
				AB43E85B1E461A050071BC4E /* Air_PitchUITests.swift in Sources */,
			);
			runOnlyForDeploymentPostprocessing = 0;
		};
/* End PBXSourcesBuildPhase section */

/* Begin PBXTargetDependency section */
		AB43E84D1E461A050071BC4E /* PBXTargetDependency */ = {
			isa = PBXTargetDependency;
			target = AB43E8361E461A050071BC4E /* Air Pitch */;
			targetProxy = AB43E84C1E461A050071BC4E /* PBXContainerItemProxy */;
		};
		AB43E8581E461A050071BC4E /* PBXTargetDependency */ = {
			isa = PBXTargetDependency;
			target = AB43E8361E461A050071BC4E /* Air Pitch */;
			targetProxy = AB43E8571E461A050071BC4E /* PBXContainerItemProxy */;
		};
/* End PBXTargetDependency section */

/* Begin PBXVariantGroup section */
		AB43E83E1E461A050071BC4E /* Main.storyboard */ = {
			isa = PBXVariantGroup;
			children = (
				AB43E83F1E461A050071BC4E /* Base */,
			);
			name = Main.storyboard;
			sourceTree = "<group>";
		};
		AB43E8431E461A050071BC4E /* LaunchScreen.storyboard */ = {
			isa = PBXVariantGroup;
			children = (
				AB43E8441E461A050071BC4E /* Base */,
			);
			name = LaunchScreen.storyboard;
			sourceTree = "<group>";
		};
/* End PBXVariantGroup section */

/* Begin XCBuildConfiguration section */
		AB43E85D1E461A050071BC4E /* Debug */ = {
			isa = XCBuildConfiguration;
			buildSettings = {
				ALWAYS_SEARCH_USER_PATHS = NO;
				CLANG_ANALYZER_NONNULL = YES;
				CLANG_CXX_LANGUAGE_STANDARD = "gnu++0x";
				CLANG_CXX_LIBRARY = "libc++";
				CLANG_ENABLE_MODULES = YES;
				CLANG_ENABLE_OBJC_ARC = YES;
				CLANG_WARN_BOOL_CONVERSION = YES;
				CLANG_WARN_CONSTANT_CONVERSION = YES;
				CLANG_WARN_DIRECT_OBJC_ISA_USAGE = YES_ERROR;
				CLANG_WARN_DOCUMENTATION_COMMENTS = YES;
				CLANG_WARN_EMPTY_BODY = YES;
				CLANG_WARN_ENUM_CONVERSION = YES;
				CLANG_WARN_INFINITE_RECURSION = YES;
				CLANG_WARN_INT_CONVERSION = YES;
				CLANG_WARN_OBJC_ROOT_CLASS = YES_ERROR;
				CLANG_WARN_SUSPICIOUS_MOVE = YES;
				CLANG_WARN_UNREACHABLE_CODE = YES;
				CLANG_WARN__DUPLICATE_METHOD_MATCH = YES;
				"CODE_SIGN_IDENTITY[sdk=*]" = "iPhone Developer";
				COPY_PHASE_STRIP = NO;
				DEBUG_INFORMATION_FORMAT = dwarf;
				ENABLE_STRICT_OBJC_MSGSEND = YES;
				ENABLE_TESTABILITY = YES;
				GCC_C_LANGUAGE_STANDARD = gnu99;
				GCC_DYNAMIC_NO_PIC = NO;
				GCC_NO_COMMON_BLOCKS = YES;
				GCC_OPTIMIZATION_LEVEL = 0;
				GCC_PREPROCESSOR_DEFINITIONS = (
					"DEBUG=1",
					"$(inherited)",
				);
				GCC_WARN_64_TO_32_BIT_CONVERSION = YES;
				GCC_WARN_ABOUT_RETURN_TYPE = YES_ERROR;
				GCC_WARN_UNDECLARED_SELECTOR = YES;
				GCC_WARN_UNINITIALIZED_AUTOS = YES_AGGRESSIVE;
				GCC_WARN_UNUSED_FUNCTION = YES;
				GCC_WARN_UNUSED_VARIABLE = YES;
				IPHONEOS_DEPLOYMENT_TARGET = 10.2;
				MTL_ENABLE_DEBUG_INFO = YES;
				ONLY_ACTIVE_ARCH = YES;
				SDKROOT = iphoneos;
				SWIFT_ACTIVE_COMPILATION_CONDITIONS = DEBUG;
				SWIFT_OPTIMIZATION_LEVEL = "-Onone";
			};
			name = Debug;
		};
		AB43E85E1E461A050071BC4E /* Release */ = {
			isa = XCBuildConfiguration;
			buildSettings = {
				ALWAYS_SEARCH_USER_PATHS = NO;
				CLANG_ANALYZER_NONNULL = YES;
				CLANG_CXX_LANGUAGE_STANDARD = "gnu++0x";
				CLANG_CXX_LIBRARY = "libc++";
				CLANG_ENABLE_MODULES = YES;
				CLANG_ENABLE_OBJC_ARC = YES;
				CLANG_WARN_BOOL_CONVERSION = YES;
				CLANG_WARN_CONSTANT_CONVERSION = YES;
				CLANG_WARN_DIRECT_OBJC_ISA_USAGE = YES_ERROR;
				CLANG_WARN_DOCUMENTATION_COMMENTS = YES;
				CLANG_WARN_EMPTY_BODY = YES;
				CLANG_WARN_ENUM_CONVERSION = YES;
				CLANG_WARN_INFINITE_RECURSION = YES;
				CLANG_WARN_INT_CONVERSION = YES;
				CLANG_WARN_OBJC_ROOT_CLASS = YES_ERROR;
				CLANG_WARN_SUSPICIOUS_MOVE = YES;
				CLANG_WARN_UNREACHABLE_CODE = YES;
				CLANG_WARN__DUPLICATE_METHOD_MATCH = YES;
				"CODE_SIGN_IDENTITY[sdk=iphoneos*]" = "iPhone Developer";
				COPY_PHASE_STRIP = NO;
				DEBUG_INFORMATION_FORMAT = "dwarf-with-dsym";
				ENABLE_NS_ASSERTIONS = NO;
				ENABLE_STRICT_OBJC_MSGSEND = YES;
				ENABLE_TESTABILITY = NO;
				GCC_C_LANGUAGE_STANDARD = gnu99;
				GCC_NO_COMMON_BLOCKS = YES;
				GCC_WARN_64_TO_32_BIT_CONVERSION = YES;
				GCC_WARN_ABOUT_RETURN_TYPE = YES_ERROR;
				GCC_WARN_UNDECLARED_SELECTOR = YES;
				GCC_WARN_UNINITIALIZED_AUTOS = YES_AGGRESSIVE;
				GCC_WARN_UNUSED_FUNCTION = YES;
				GCC_WARN_UNUSED_VARIABLE = YES;
				IPHONEOS_DEPLOYMENT_TARGET = 10.2;
				MTL_ENABLE_DEBUG_INFO = NO;
				SDKROOT = iphoneos;
				SWIFT_OPTIMIZATION_LEVEL = "-Owholemodule";
				VALIDATE_PRODUCT = YES;
			};
			name = Release;
		};
		AB43E8601E461A050071BC4E /* Debug */ = {
			isa = XCBuildConfiguration;
			baseConfigurationReference = 7524B3708C4FC0FEA883F01E /* Pods-Air Pitch.debug.xcconfig */;
			buildSettings = {
				ALWAYS_EMBED_SWIFT_STANDARD_LIBRARIES = YES;
				ASSETCATALOG_COMPILER_APPICON_NAME = AppIcon;
				"CODE_SIGN_IDENTITY[sdk=iphoneos*]" = "iPhone Developer";
				DEVELOPMENT_TEAM = 92672ZCS2U;
				INFOPLIST_FILE = "Air Pitch/Info.plist";
				IPHONEOS_DEPLOYMENT_TARGET = 10.0;
				LD_RUNPATH_SEARCH_PATHS = "$(inherited) @executable_path/Frameworks";
				PRODUCT_BUNDLE_IDENTIFIER = "com.Dane-Thomas.Air-Pitch2017";
				PRODUCT_NAME = "$(TARGET_NAME)";
				SWIFT_VERSION = 3.0;
				TARGETED_DEVICE_FAMILY = 1;
			};
			name = Debug;
		};
		AB43E8611E461A050071BC4E /* Release */ = {
			isa = XCBuildConfiguration;
			baseConfigurationReference = 495807769BF47D14015786D6 /* Pods-Air Pitch.release.xcconfig */;
			buildSettings = {
				ALWAYS_EMBED_SWIFT_STANDARD_LIBRARIES = YES;
				ASSETCATALOG_COMPILER_APPICON_NAME = AppIcon;
				"CODE_SIGN_IDENTITY[sdk=iphoneos*]" = "iPhone Developer";
				DEVELOPMENT_TEAM = 92672ZCS2U;
				INFOPLIST_FILE = "Air Pitch/Info.plist";
				IPHONEOS_DEPLOYMENT_TARGET = 10.0;
				LD_RUNPATH_SEARCH_PATHS = "$(inherited) @executable_path/Frameworks";
				PRODUCT_BUNDLE_IDENTIFIER = "com.Dane-Thomas.Air-Pitch2017";
				PRODUCT_NAME = "$(TARGET_NAME)";
				SWIFT_VERSION = 3.0;
				TARGETED_DEVICE_FAMILY = 1;
			};
			name = Release;
		};
		AB43E8631E461A050071BC4E /* Debug */ = {
			isa = XCBuildConfiguration;
			baseConfigurationReference = F736A1778DED2BCFDAE5B877 /* Pods-Air PitchTests.debug.xcconfig */;
			buildSettings = {
				ALWAYS_EMBED_SWIFT_STANDARD_LIBRARIES = YES;
				BUNDLE_LOADER = "$(TEST_HOST)";
				"CODE_SIGN_IDENTITY[sdk=iphoneos*]" = "iPhone Developer";
				DEVELOPMENT_TEAM = "";
				INFOPLIST_FILE = "Air PitchTests/Info.plist";
				LD_RUNPATH_SEARCH_PATHS = "$(inherited) @executable_path/Frameworks @loader_path/Frameworks";
				PRODUCT_BUNDLE_IDENTIFIER = "Dane-Thomas.Air-PitchTests";
				PRODUCT_NAME = "$(TARGET_NAME)";
				SWIFT_VERSION = 3.0;
				TEST_HOST = "$(BUILT_PRODUCTS_DIR)/Air Pitch.app/Air Pitch";
			};
			name = Debug;
		};
		AB43E8641E461A050071BC4E /* Release */ = {
			isa = XCBuildConfiguration;
			baseConfigurationReference = 7D5DE9DD2B065EF38DFDD289 /* Pods-Air PitchTests.release.xcconfig */;
			buildSettings = {
				ALWAYS_EMBED_SWIFT_STANDARD_LIBRARIES = YES;
				BUNDLE_LOADER = "$(TEST_HOST)";
				"CODE_SIGN_IDENTITY[sdk=iphoneos*]" = "iPhone Developer";
				DEVELOPMENT_TEAM = "";
				INFOPLIST_FILE = "Air PitchTests/Info.plist";
				LD_RUNPATH_SEARCH_PATHS = "$(inherited) @executable_path/Frameworks @loader_path/Frameworks";
				PRODUCT_BUNDLE_IDENTIFIER = "Dane-Thomas.Air-PitchTests";
				PRODUCT_NAME = "$(TARGET_NAME)";
				SWIFT_VERSION = 3.0;
				TEST_HOST = "$(BUILT_PRODUCTS_DIR)/Air Pitch.app/Air Pitch";
			};
			name = Release;
		};
		AB43E8661E461A050071BC4E /* Debug */ = {
			isa = XCBuildConfiguration;
			baseConfigurationReference = 64A6AE7398492FA1F3A4EDB8 /* Pods-Air PitchUITests.debug.xcconfig */;
			buildSettings = {
				ALWAYS_EMBED_SWIFT_STANDARD_LIBRARIES = YES;
				"CODE_SIGN_IDENTITY[sdk=iphoneos*]" = "iPhone Developer";
				DEVELOPMENT_TEAM = "";
				INFOPLIST_FILE = "Air PitchUITests/Info.plist";
				LD_RUNPATH_SEARCH_PATHS = "$(inherited) @executable_path/Frameworks @loader_path/Frameworks";
				PRODUCT_BUNDLE_IDENTIFIER = "Dane-Thomas.Air-PitchUITests";
				PRODUCT_NAME = "$(TARGET_NAME)";
				SWIFT_VERSION = 3.0;
				TEST_TARGET_NAME = "Air Pitch";
			};
			name = Debug;
		};
		AB43E8671E461A050071BC4E /* Release */ = {
			isa = XCBuildConfiguration;
			baseConfigurationReference = AB2FFDAEC62041C9F464F219 /* Pods-Air PitchUITests.release.xcconfig */;
			buildSettings = {
				ALWAYS_EMBED_SWIFT_STANDARD_LIBRARIES = YES;
				"CODE_SIGN_IDENTITY[sdk=iphoneos*]" = "iPhone Developer";
				DEVELOPMENT_TEAM = "";
				INFOPLIST_FILE = "Air PitchUITests/Info.plist";
				LD_RUNPATH_SEARCH_PATHS = "$(inherited) @executable_path/Frameworks @loader_path/Frameworks";
				PRODUCT_BUNDLE_IDENTIFIER = "Dane-Thomas.Air-PitchUITests";
				PRODUCT_NAME = "$(TARGET_NAME)";
				SWIFT_VERSION = 3.0;
				TEST_TARGET_NAME = "Air Pitch";
			};
			name = Release;
		};
/* End XCBuildConfiguration section */

/* Begin XCConfigurationList section */
		AB43E8321E461A050071BC4E /* Build configuration list for PBXProject "Air Pitch" */ = {
			isa = XCConfigurationList;
			buildConfigurations = (
				AB43E85D1E461A050071BC4E /* Debug */,
				AB43E85E1E461A050071BC4E /* Release */,
			);
			defaultConfigurationIsVisible = 0;
			defaultConfigurationName = Release;
		};
		AB43E85F1E461A050071BC4E /* Build configuration list for PBXNativeTarget "Air Pitch" */ = {
			isa = XCConfigurationList;
			buildConfigurations = (
				AB43E8601E461A050071BC4E /* Debug */,
				AB43E8611E461A050071BC4E /* Release */,
			);
			defaultConfigurationIsVisible = 0;
			defaultConfigurationName = Release;
		};
		AB43E8621E461A050071BC4E /* Build configuration list for PBXNativeTarget "Air PitchTests" */ = {
			isa = XCConfigurationList;
			buildConfigurations = (
				AB43E8631E461A050071BC4E /* Debug */,
				AB43E8641E461A050071BC4E /* Release */,
			);
			defaultConfigurationIsVisible = 0;
			defaultConfigurationName = Release;
		};
		AB43E8651E461A050071BC4E /* Build configuration list for PBXNativeTarget "Air PitchUITests" */ = {
			isa = XCConfigurationList;
			buildConfigurations = (
				AB43E8661E461A050071BC4E /* Debug */,
				AB43E8671E461A050071BC4E /* Release */,
			);
			defaultConfigurationIsVisible = 0;
			defaultConfigurationName = Release;
		};
/* End XCConfigurationList section */
	};
	rootObject = AB43E82F1E461A050071BC4E /* Project object */;
}
